
Microsoft Visual Studio Solution File, Format Version 12.00
# Visual Studio Version 17
VisualStudioVersion = 17.7.34003.232
MinimumVisualStudioVersion = 10.0.40219.1
Project("{9A19103F-16F7-4668-BE54-9A1E7A4F7556}") = "VegaLedProje", "VegaLedProje\VegaLedProje.csproj", "{887A524B-83F4-4FAE-92E5-8D7E04F8015D}"
EndProject
Project("{9A19103F-16F7-4668-BE54-9A1E7A4F7556}") = "VegaLedProje.Data", "VegaLedProje.Data\VegaLedProje.Data.csproj", "{00147149-AA43-4402-A9EF-8B2A00D4CB4D}"
EndProject
Project("{9A19103F-16F7-4668-BE54-9A1E7A4F7556}") = "VegaLedProje.Business", "VegaLedProje.Business\VegaLedProje.Business.csproj", "{7651CE8F-462D-4E0D-B971-80EC368FC213}"
EndProject
Global
	GlobalSection(SolutionConfigurationPlatforms) = preSolution
		Debug|Any CPU = Debug|Any CPU
		Release|Any CPU = Release|Any CPU
	EndGlobalSection
	GlobalSection(ProjectConfigurationPlatforms) = postSolution
		{887A524B-83F4-4FAE-92E5-8D7E04F8015D}.Debug|Any CPU.ActiveCfg = Debug|Any CPU
		{887A524B-83F4-4FAE-92E5-8D7E04F8015D}.Debug|Any CPU.Build.0 = Debug|Any CPU
		{887A524B-83F4-4FAE-92E5-8D7E04F8015D}.Release|Any CPU.ActiveCfg = Release|Any CPU
		{887A524B-83F4-4FAE-92E5-8D7E04F8015D}.Release|Any CPU.Build.0 = Release|Any CPU
		{00147149-AA43-4402-A9EF-8B2A00D4CB4D}.Debug|Any CPU.ActiveCfg = Debug|Any CPU
		{00147149-AA43-4402-A9EF-8B2A00D4CB4D}.Debug|Any CPU.Build.0 = Debug|Any CPU
		{00147149-AA43-4402-A9EF-8B2A00D4CB4D}.Release|Any CPU.ActiveCfg = Release|Any CPU
		{00147149-AA43-4402-A9EF-8B2A00D4CB4D}.Release|Any CPU.Build.0 = Release|Any CPU
		{7651CE8F-462D-4E0D-B971-80EC368FC213}.Debug|Any CPU.ActiveCfg = Debug|Any CPU
		{7651CE8F-462D-4E0D-B971-80EC368FC213}.Debug|Any CPU.Build.0 = Debug|Any CPU
		{7651CE8F-462D-4E0D-B971-80EC368FC213}.Release|Any CPU.ActiveCfg = Release|Any CPU
		{7651CE8F-462D-4E0D-B971-80EC368FC213}.Release|Any CPU.Build.0 = Release|Any CPU
	EndGlobalSection
	GlobalSection(SolutionProperties) = preSolution
		HideSolutionNode = FALSE
	EndGlobalSection
	GlobalSection(ExtensibilityGlobals) = postSolution
		SolutionGuid = {D32F0242-CBE3-4973-AD2B-CB1DD010F9E2}
	EndGlobalSection
EndGlobal
